<?xml version="1.0" encoding="utf-8"?>
<Project ToolsVersion="4.0" xmlns="http://schemas.microsoft.com/developer/msbuild/2003">
  <ItemGroup>
    <Filter Include="Source Files">
      <UniqueIdentifier>{4FC737F1-C7A5-4376-A066-2A32D752A2FF}</UniqueIdentifier>
      <Extensions>cpp;c;cc;cxx;def;odl;idl;hpj;bat;asm;asmx</Extensions>
    </Filter>
    <Filter Include="Header Files">
      <UniqueIdentifier>{93995380-89BD-4b04-88EB-625FBE52EBFB}</UniqueIdentifier>
      <Extensions>h;hh;hpp;hxx;hm;inl;inc;ipp;xsd</Extensions>
    </Filter>
    <Filter Include="Resource Files">
      <UniqueIdentifier>{67DA6AB6-F800-4c08-8B7A-83BB121AAD01}</UniqueIdentifier>
      <Extensions>rc;ico;cur;bmp;dlg;rc2;rct;bin;rgs;gif;jpg;jpeg;jpe;resx;tiff;tif;png;wav;mfcribbon-ms</Extensions>
    </Filter>
  </ItemGroup>
  <ItemGroup>
    <ClInclude Include="src\IMatthew5Graphics.h">
      <Filter>Header Files</Filter>
    </ClInclude>
    <ClInclude Include="src\Matthew5Dx.h">
      <Filter>Header Files</Filter>
    </ClInclude>
    <ClInclude Include="src\Matthew5StandardMicrosoftHeaders.h">
      <Filter>Header Files</Filter>
    </ClInclude>
    <ClInclude Include="src\M5TriCpuGpuResources.h">
      <Filter>Header Files</Filter>
    </ClInclude>
    <ClInclude Include="src\M5TriVertex.h">
      <Filter>Header Files</Filter>
    </ClInclude>
    <ClInclude Include="src\M5TriFactory.h">
      <Filter>Header Files</Filter>
    </ClInclude>
    <ClInclude Include="src\M5TriGpuResources.h">
      <Filter>Header Files</Filter>
    </ClInclude>
    <ClInclude Include="src\M5TriCpuResources.h">
      <Filter>Header Files</Filter>
    </ClInclude>
    <ClInclude Include="src\M5SceneObjectGpuPosition.h">
      <Filter>Header Files</Filter>
    </ClInclude>
    <ClInclude Include="src\M5SceneObjectCpuPosition.h">
      <Filter>Header Files</Filter>
    </ClInclude>
    <ClInclude Include="src\M5SceneObjectCpuAndGpuPosition.h">
      <Filter>Header Files</Filter>
    </ClInclude>
    <ClInclude Include="src\M5SceneObject.h">
      <Filter>Header Files</Filter>
    </ClInclude>
    <ClInclude Include="src\M5DxGpuMemoryUploadBuffer.h">
      <Filter>Header Files</Filter>
    </ClInclude>
    <ClInclude Include="src\M5Util.h">
      <Filter>Header Files</Filter>
    </ClInclude>
    <ClInclude Include="src\M5DxGpuDeviceNFactory.h">
      <Filter>Header Files</Filter>
    </ClInclude>
    <ClInclude Include="src\M5DxGpuCommand.h">
      <Filter>Header Files</Filter>
    </ClInclude>
    <ClInclude Include="src\Matthew5DxDesktop.h">
      <Filter>Header Files</Filter>
    </ClInclude>
    <ClInclude Include="src\M5ViewProjectionCpuAndGpu.h">
      <Filter>Header Files</Filter>
    </ClInclude>
    <ClInclude Include="src\M5ViewProjectionCpu.h">
      <Filter>Header Files</Filter>
    </ClInclude>
    <ClInclude Include="src\M5ViewProjectionGpu.h">
      <Filter>Header Files</Filter>
    </ClInclude>
    <ClInclude Include="src\IMatthew5SwapChain.h">
      <Filter>Header Files</Filter>
    </ClInclude>
    <ClInclude Include="src\Matthew5DxDesktopSwapChain.h">
      <Filter>Header Files</Filter>
    </ClInclude>
    <ClInclude Include="src\Matthew5Enums.h">
      <Filter>Header Files</Filter>
    </ClInclude>
    <ClInclude Include="src\IMatthew5DrawInstructions.h">
      <Filter>Header Files</Filter>
    </ClInclude>
    <ClInclude Include="src\Matthew5DxDescriptorHeapManager.h">
      <Filter>Header Files</Filter>
    </ClInclude>
    <ClInclude Include="src\M5DxFrameResources.h">
      <Filter>Header Files</Filter>
    </ClInclude>
    <ClInclude Include="src\M5DxFrameResource.h">
      <Filter>Header Files</Filter>
    </ClInclude>
    <ClInclude Include="src\M5DxFrameSceneObject.h">
      <Filter>Header Files</Filter>
    </ClInclude>
    <ClInclude Include="src\M5DxFrameSceneObjectList.h">
      <Filter>Header Files</Filter>
    </ClInclude>
    <ClInclude Include="src\IMatthew5SceneObjectList.h">
      <Filter>Header Files</Filter>
    </ClInclude>
    <ClInclude Include="src\M5DxSceneObjectList.h">
      <Filter>Header Files</Filter>
    </ClInclude>
  </ItemGroup>
  <ItemGroup>
    <ClCompile Include="src\Matthew5Dx.cpp">
      <Filter>Source Files</Filter>
    </ClCompile>
    <ClCompile Include="src\M5TriCpuGpuResources.cpp">
      <Filter>Source Files</Filter>
    </ClCompile>
    <ClCompile Include="src\M5TriVertex.cpp">
      <Filter>Source Files</Filter>
    </ClCompile>
    <ClCompile Include="src\M5TriFactory.cpp">
      <Filter>Source Files</Filter>
    </ClCompile>
    <ClCompile Include="src\M5SceneObjectGpuPosition.cpp">
      <Filter>Source Files</Filter>
    </ClCompile>
    <ClCompile Include="src\M5SceneObjectCpuAndGpuPosition.cpp">
      <Filter>Source Files</Filter>
    </ClCompile>
    <ClCompile Include="src\M5SceneObject.cpp">
      <Filter>Source Files</Filter>
    </ClCompile>
    <ClCompile Include="src\M5DxGpuMemoryUploadBuffer.cpp">
      <Filter>Source Files</Filter>
    </ClCompile>
    <ClCompile Include="src\M5Util.cpp">
      <Filter>Source Files</Filter>
    </ClCompile>
    <ClCompile Include="src\M5DxGpuDeviceNFactory.cpp">
      <Filter>Source Files</Filter>
    </ClCompile>
    <ClCompile Include="src\M5DxGpuCommand.cpp">
      <Filter>Source Files</Filter>
    </ClCompile>
    <ClCompile Include="src\Matthew5DxDesktop.cpp">
      <Filter>Source Files</Filter>
    </ClCompile>
    <ClCompile Include="src\M5ViewProjectionCpuAndGpu.cpp">
      <Filter>Source Files</Filter>
    </ClCompile>
    <ClCompile Include="src\M5ViewProjectionCpu.cpp">
      <Filter>Source Files</Filter>
    </ClCompile>
    <ClCompile Include="src\M5ViewProjectionGpu.cpp">
      <Filter>Source Files</Filter>
    </ClCompile>
    <ClCompile Include="src\Matthew5DxDesktopSwapChain.cpp">
      <Filter>Source Files</Filter>
    </ClCompile>
    <ClCompile Include="src\IMatthew5SwapChain.cpp">
      <Filter>Source Files</Filter>
    </ClCompile>
    <ClCompile Include="src\IMatthew5DrawInstructions.cpp">
      <Filter>Source Files</Filter>
    </ClCompile>
    <ClCompile Include="src\Matthew5DxDescriptorHeapManager.cpp">
      <Filter>Source Files</Filter>
    </ClCompile>
    <ClCompile Include="src\M5DxFrameResources.cpp">
      <Filter>Source Files</Filter>
    </ClCompile>
    <ClCompile Include="src\M5DxFrameResource.cpp">
      <Filter>Source Files</Filter>
    </ClCompile>
    <ClCompile Include="src\M5DxFrameSceneObject.cpp">
      <Filter>Source Files</Filter>
    </ClCompile>
    <ClCompile Include="src\M5DxFrameSceneObjectList.cpp">
      <Filter>Source Files</Filter>
    </ClCompile>
    <ClCompile Include="src\IMatthew5SceneObjectList.cpp">
      <Filter>Source Files</Filter>
    </ClCompile>
    <ClCompile Include="src\M5DxSceneObjectList.cpp">
      <Filter>Source Files</Filter>
    </ClCompile>
  </ItemGroup>
  <ItemGroup>
    <Text Include="src\Notes.txt" />
    <Text Include="src\NotesOnCoordinateSystem.txt" />
    <Text Include="src\NotesOnClockwise.txt" />
  </ItemGroup>
  <ItemGroup>
    <None Include="ReadMe.md" />
  </ItemGroup>
</Project>